
Microsoft Visual Studio Solution File, Format Version 11.00
# Visual Studio 2010
Project("{F2A71F9B-5D33-465A-A702-920D77279786}") = "FSharpCDT", "FSharpCDT\FSharpCDT.fsproj", "{206A2BB2-1DED-4650-BE13-4976B58D718E}"
EndProject
Global
	GlobalSection(SolutionConfigurationPlatforms) = preSolution
		Debug|x86 = Debug|x86
		Release|x86 = Release|x86
	EndGlobalSection
	GlobalSection(ProjectConfigurationPlatforms) = postSolution
		{206A2BB2-1DED-4650-BE13-4976B58D718E}.Debug|x86.ActiveCfg = Debug|x86
		{206A2BB2-1DED-4650-BE13-4976B58D718E}.Debug|x86.Build.0 = Debug|x86
		{206A2BB2-1DED-4650-BE13-4976B58D718E}.Release|x86.ActiveCfg = Release|x86
		{206A2BB2-1DED-4650-BE13-4976B58D718E}.Release|x86.Build.0 = Release|x86
	EndGlobalSection
	GlobalSection(SolutionProperties) = preSolution
		HideSolutionNode = FALSE
	EndGlobalSection
EndGlobal
